// !$*UTF8*$!
{
	archiveVersion = 1;
	classes = {
	};
	objectVersion = 46;
	objects = {

/* Begin PBXBuildFile section */
		54E483CB1D9D791A00E4290C /* StarIO_Extension.framework in Frameworks */ = {isa = PBXBuildFile; fileRef = 54E483C91D9D791A00E4290C /* StarIO_Extension.framework */; };
		54E483CC1D9D791A00E4290C /* StarIO.framework in Frameworks */ = {isa = PBXBuildFile; fileRef = 54E483CA1D9D791A00E4290C /* StarIO.framework */; };
		570BF66818DA3B28000876EA /* libStarPrinting.a in Frameworks */ = {isa = PBXBuildFile; fileRef = 57ECCF9718D8AD5E00EE51FF /* libStarPrinting.a */; };
		570BF66A18DA3F73000876EA /* UIKit.framework in Frameworks */ = {isa = PBXBuildFile; fileRef = 570BF66918DA3F73000876EA /* UIKit.framework */; };
		57777E2518DB5D8800922AE5 /* example.xml in Resources */ = {isa = PBXBuildFile; fileRef = 57777E2418DB5D8800922AE5 /* example.xml */; };
		57777E2818DB696E00922AE5 /* PrintData.m in Sources */ = {isa = PBXBuildFile; fileRef = 57777E2718DB696E00922AE5 /* PrintData.m */; };
		57777E2C18DB779D00922AE5 /* SenAsyncTestCase.m in Sources */ = {isa = PBXBuildFile; fileRef = 57777E2A18DB76AF00922AE5 /* SenAsyncTestCase.m */; };
		579069EE18DB7E7900A44AED /* receipt_short.xml in Resources */ = {isa = PBXBuildFile; fileRef = 579069ED18DB7E7900A44AED /* receipt_short.xml */; };
		579069F018DB7E9100A44AED /* receipt_long.xml in Resources */ = {isa = PBXBuildFile; fileRef = 579069EF18DB7E9100A44AED /* receipt_long.xml */; };
		579069F218DB83B500A44AED /* QuartzCore.framework in Frameworks */ = {isa = PBXBuildFile; fileRef = 570BF5D818D9F31C000876EA /* QuartzCore.framework */; };
		57ECCF9B18D8AD5E00EE51FF /* Foundation.framework in Frameworks */ = {isa = PBXBuildFile; fileRef = 57ECCF9A18D8AD5E00EE51FF /* Foundation.framework */; };
		57ECCFA918D8AD5E00EE51FF /* XCTest.framework in Frameworks */ = {isa = PBXBuildFile; fileRef = 57ECCFA818D8AD5E00EE51FF /* XCTest.framework */; };
		57ECCFAA18D8AD5E00EE51FF /* Foundation.framework in Frameworks */ = {isa = PBXBuildFile; fileRef = 57ECCF9A18D8AD5E00EE51FF /* Foundation.framework */; };
		57ECCFAF18D8AD5E00EE51FF /* libStarPrinting.a in Frameworks */ = {isa = PBXBuildFile; fileRef = 57ECCF9718D8AD5E00EE51FF /* libStarPrinting.a */; };
		57ECCFB518D8AD5E00EE51FF /* InfoPlist.strings in Resources */ = {isa = PBXBuildFile; fileRef = 57ECCFB318D8AD5E00EE51FF /* InfoPlist.strings */; };
		57ECCFB718D8AD5E00EE51FF /* StarPrintingTests.m in Sources */ = {isa = PBXBuildFile; fileRef = 57ECCFB618D8AD5E00EE51FF /* StarPrintingTests.m */; };
		57ECCFD218D8ADCD00EE51FF /* Foundation.framework in Frameworks */ = {isa = PBXBuildFile; fileRef = 57ECCF9A18D8AD5E00EE51FF /* Foundation.framework */; };
		57ECCFD418D8ADCD00EE51FF /* CoreGraphics.framework in Frameworks */ = {isa = PBXBuildFile; fileRef = 57ECCFD318D8ADCD00EE51FF /* CoreGraphics.framework */; };
		57ECCFDB18D8ADCD00EE51FF /* InfoPlist.strings in Resources */ = {isa = PBXBuildFile; fileRef = 57ECCFD918D8ADCD00EE51FF /* InfoPlist.strings */; };
		57ECCFDD18D8ADCD00EE51FF /* main.m in Sources */ = {isa = PBXBuildFile; fileRef = 57ECCFDC18D8ADCD00EE51FF /* main.m */; };
		57ECCFE118D8ADCD00EE51FF /* AppDelegate.m in Sources */ = {isa = PBXBuildFile; fileRef = 57ECCFE018D8ADCD00EE51FF /* AppDelegate.m */; };
		57ECCFE418D8ADCD00EE51FF /* Main.storyboard in Resources */ = {isa = PBXBuildFile; fileRef = 57ECCFE218D8ADCD00EE51FF /* Main.storyboard */; };
		57ECCFE718D8ADCD00EE51FF /* ViewController.m in Sources */ = {isa = PBXBuildFile; fileRef = 57ECCFE618D8ADCD00EE51FF /* ViewController.m */; };
		57ECCFE918D8ADCD00EE51FF /* Images.xcassets in Resources */ = {isa = PBXBuildFile; fileRef = 57ECCFE818D8ADCD00EE51FF /* Images.xcassets */; };
		57ECD02018D8B00800EE51FF /* test.xml in Resources */ = {isa = PBXBuildFile; fileRef = 57ECD01B18D8B00800EE51FF /* test.xml */; };
		57ECD02A18D8B01800EE51FF /* Printable.m in Sources */ = {isa = PBXBuildFile; fileRef = 57ECD02218D8B01800EE51FF /* Printable.m */; };
		57ECD02B18D8B01800EE51FF /* Printer.m in Sources */ = {isa = PBXBuildFile; fileRef = 57ECD02518D8B01800EE51FF /* Printer.m */; };
		57ECD02C18D8B01800EE51FF /* PrintParser.m in Sources */ = {isa = PBXBuildFile; fileRef = 57ECD02718D8B01800EE51FF /* PrintParser.m */; };
		57ECD02D18D8B01800EE51FF /* PrintTextFormatter.m in Sources */ = {isa = PBXBuildFile; fileRef = 57ECD02918D8B01800EE51FF /* PrintTextFormatter.m */; };
		57ECD03918D8B1B500EE51FF /* FakeSMPort.m in Sources */ = {isa = PBXBuildFile; fileRef = 57ECD03718D8B1B500EE51FF /* FakeSMPort.m */; };
		57ECD03B18D8B1E000EE51FF /* FakePrinterManager.m in Sources */ = {isa = PBXBuildFile; fileRef = 57ECD03518D8B1B500EE51FF /* FakePrinterManager.m */; };
		57ECD04E18D8E94900EE51FF /* PrinterCell.m in Sources */ = {isa = PBXBuildFile; fileRef = 57ECD04D18D8E94900EE51FF /* PrinterCell.m */; };
		57ECD05318D8E98800EE51FF /* SenTestingKit.framework in Frameworks */ = {isa = PBXBuildFile; fileRef = 57ECD05218D8E98800EE51FF /* SenTestingKit.framework */; };
		666E7E851F7D701F00E335D8 /* SMCloudServices.framework in Frameworks */ = {isa = PBXBuildFile; fileRef = 666E7E841F7D701F00E335D8 /* SMCloudServices.framework */; };
/* End PBXBuildFile section */

/* Begin PBXContainerItemProxy section */
		570BF5D318D9E687000876EA /* PBXContainerItemProxy */ = {
			isa = PBXContainerItemProxy;
			containerPortal = 57ECCF8F18D8AD5E00EE51FF /* Project object */;
			proxyType = 1;
			remoteGlobalIDString = 57ECCF9618D8AD5E00EE51FF;
			remoteInfo = StarPrinting;
		};
		57ECCFAD18D8AD5E00EE51FF /* PBXContainerItemProxy */ = {
			isa = PBXContainerItemProxy;
			containerPortal = 57ECCF8F18D8AD5E00EE51FF /* Project object */;
			proxyType = 1;
			remoteGlobalIDString = 57ECCF9618D8AD5E00EE51FF;
			remoteInfo = StarPrinting;
		};
/* End PBXContainerItemProxy section */

/* Begin PBXCopyFilesBuildPhase section */
		57ECCF9518D8AD5E00EE51FF /* CopyFiles */ = {
			isa = PBXCopyFilesBuildPhase;
			buildActionMask = 2147483647;
			dstPath = "include/$(PRODUCT_NAME)";
			dstSubfolderSpec = 16;
			files = (
			);
			runOnlyForDeploymentPostprocessing = 0;
		};
/* End PBXCopyFilesBuildPhase section */

/* Begin PBXFileReference section */
		54E483C91D9D791A00E4290C /* StarIO_Extension.framework */ = {isa = PBXFileReference; lastKnownFileType = wrapper.framework; path = StarIO_Extension.framework; sourceTree = "<group>"; };
		54E483CA1D9D791A00E4290C /* StarIO.framework */ = {isa = PBXFileReference; lastKnownFileType = wrapper.framework; path = StarIO.framework; sourceTree = "<group>"; };
		570BF5D818D9F31C000876EA /* QuartzCore.framework */ = {isa = PBXFileReference; lastKnownFileType = wrapper.framework; name = QuartzCore.framework; path = System/Library/Frameworks/QuartzCore.framework; sourceTree = SDKROOT; };
		570BF66918DA3F73000876EA /* UIKit.framework */ = {isa = PBXFileReference; lastKnownFileType = wrapper.framework; name = UIKit.framework; path = System/Library/Frameworks/UIKit.framework; sourceTree = SDKROOT; };
		5717A64118E3214700DA7486 /* StarPrinting.h */ = {isa = PBXFileReference; fileEncoding = 4; lastKnownFileType = sourcecode.c.h; path = StarPrinting.h; sourceTree = "<group>"; };
		57777E2418DB5D8800922AE5 /* example.xml */ = {isa = PBXFileReference; fileEncoding = 4; lastKnownFileType = text.xml; name = example.xml; path = StarPrintingExample/samples/example.xml; sourceTree = SOURCE_ROOT; };
		57777E2618DB696E00922AE5 /* PrintData.h */ = {isa = PBXFileReference; fileEncoding = 4; lastKnownFileType = sourcecode.c.h; path = PrintData.h; sourceTree = "<group>"; };
		57777E2718DB696E00922AE5 /* PrintData.m */ = {isa = PBXFileReference; fileEncoding = 4; lastKnownFileType = sourcecode.c.objc; path = PrintData.m; sourceTree = "<group>"; };
		57777E2918DB76AF00922AE5 /* SenAsyncTestCase.h */ = {isa = PBXFileReference; fileEncoding = 4; lastKnownFileType = sourcecode.c.h; path = SenAsyncTestCase.h; sourceTree = "<group>"; };
		57777E2A18DB76AF00922AE5 /* SenAsyncTestCase.m */ = {isa = PBXFileReference; fileEncoding = 4; lastKnownFileType = sourcecode.c.objc; path = SenAsyncTestCase.m; sourceTree = "<group>"; };
		579069ED18DB7E7900A44AED /* receipt_short.xml */ = {isa = PBXFileReference; fileEncoding = 4; lastKnownFileType = text.xml; name = receipt_short.xml; path = StarPrintingExample/samples/receipt_short.xml; sourceTree = SOURCE_ROOT; };
		579069EF18DB7E9100A44AED /* receipt_long.xml */ = {isa = PBXFileReference; fileEncoding = 4; lastKnownFileType = text.xml; name = receipt_long.xml; path = StarPrintingExample/samples/receipt_long.xml; sourceTree = SOURCE_ROOT; };
		57ECCF9718D8AD5E00EE51FF /* libStarPrinting.a */ = {isa = PBXFileReference; explicitFileType = archive.ar; includeInIndex = 0; path = libStarPrinting.a; sourceTree = BUILT_PRODUCTS_DIR; };
		57ECCF9A18D8AD5E00EE51FF /* Foundation.framework */ = {isa = PBXFileReference; lastKnownFileType = wrapper.framework; name = Foundation.framework; path = System/Library/Frameworks/Foundation.framework; sourceTree = SDKROOT; };
		57ECCF9E18D8AD5E00EE51FF /* StarPrinting-Prefix.pch */ = {isa = PBXFileReference; lastKnownFileType = sourcecode.c.h; path = "StarPrinting-Prefix.pch"; sourceTree = "<group>"; };
		57ECCFA718D8AD5E00EE51FF /* StarPrintingTests.xctest */ = {isa = PBXFileReference; explicitFileType = wrapper.cfbundle; includeInIndex = 0; path = StarPrintingTests.xctest; sourceTree = BUILT_PRODUCTS_DIR; };
		57ECCFA818D8AD5E00EE51FF /* XCTest.framework */ = {isa = PBXFileReference; lastKnownFileType = wrapper.framework; name = XCTest.framework; path = Library/Frameworks/XCTest.framework; sourceTree = DEVELOPER_DIR; };
		57ECCFB218D8AD5E00EE51FF /* StarPrintingTests-Info.plist */ = {isa = PBXFileReference; lastKnownFileType = text.plist.xml; path = "StarPrintingTests-Info.plist"; sourceTree = "<group>"; };
		57ECCFB418D8AD5E00EE51FF /* en */ = {isa = PBXFileReference; lastKnownFileType = text.plist.strings; name = en; path = en.lproj/InfoPlist.strings; sourceTree = "<group>"; };
		57ECCFB618D8AD5E00EE51FF /* StarPrintingTests.m */ = {isa = PBXFileReference; lastKnownFileType = sourcecode.c.objc; path = StarPrintingTests.m; sourceTree = "<group>"; };
		57ECCFD118D8ADCD00EE51FF /* StarPrintingExample.app */ = {isa = PBXFileReference; explicitFileType = wrapper.application; includeInIndex = 0; path = StarPrintingExample.app; sourceTree = BUILT_PRODUCTS_DIR; };
		57ECCFD318D8ADCD00EE51FF /* CoreGraphics.framework */ = {isa = PBXFileReference; lastKnownFileType = wrapper.framework; name = CoreGraphics.framework; path = System/Library/Frameworks/CoreGraphics.framework; sourceTree = SDKROOT; };
		57ECCFD818D8ADCD00EE51FF /* StarPrintingExample-Info.plist */ = {isa = PBXFileReference; lastKnownFileType = text.plist.xml; path = "StarPrintingExample-Info.plist"; sourceTree = "<group>"; };
		57ECCFDA18D8ADCD00EE51FF /* en */ = {isa = PBXFileReference; lastKnownFileType = text.plist.strings; name = en; path = en.lproj/InfoPlist.strings; sourceTree = "<group>"; };
		57ECCFDC18D8ADCD00EE51FF /* main.m */ = {isa = PBXFileReference; lastKnownFileType = sourcecode.c.objc; path = main.m; sourceTree = "<group>"; };
		57ECCFDE18D8ADCD00EE51FF /* StarPrintingExample-Prefix.pch */ = {isa = PBXFileReference; lastKnownFileType = sourcecode.c.h; path = "StarPrintingExample-Prefix.pch"; sourceTree = "<group>"; };
		57ECCFDF18D8ADCD00EE51FF /* AppDelegate.h */ = {isa = PBXFileReference; lastKnownFileType = sourcecode.c.h; path = AppDelegate.h; sourceTree = "<group>"; };
		57ECCFE018D8ADCD00EE51FF /* AppDelegate.m */ = {isa = PBXFileReference; lastKnownFileType = sourcecode.c.objc; path = AppDelegate.m; sourceTree = "<group>"; };
		57ECCFE318D8ADCD00EE51FF /* Base */ = {isa = PBXFileReference; lastKnownFileType = file.storyboard; name = Base; path = Base.lproj/Main.storyboard; sourceTree = "<group>"; };
		57ECCFE518D8ADCD00EE51FF /* ViewController.h */ = {isa = PBXFileReference; lastKnownFileType = sourcecode.c.h; path = ViewController.h; sourceTree = "<group>"; };
		57ECCFE618D8ADCD00EE51FF /* ViewController.m */ = {isa = PBXFileReference; lastKnownFileType = sourcecode.c.objc; path = ViewController.m; sourceTree = "<group>"; };
		57ECCFE818D8ADCD00EE51FF /* Images.xcassets */ = {isa = PBXFileReference; lastKnownFileType = folder.assetcatalog; path = Images.xcassets; sourceTree = "<group>"; };
		57ECD01B18D8B00800EE51FF /* test.xml */ = {isa = PBXFileReference; fileEncoding = 4; lastKnownFileType = text.xml; name = test.xml; path = StarPrintingExample/samples/test.xml; sourceTree = SOURCE_ROOT; };
		57ECD02118D8B01800EE51FF /* Printable.h */ = {isa = PBXFileReference; fileEncoding = 4; lastKnownFileType = sourcecode.c.h; path = Printable.h; sourceTree = "<group>"; };
		57ECD02218D8B01800EE51FF /* Printable.m */ = {isa = PBXFileReference; fileEncoding = 4; lastKnownFileType = sourcecode.c.objc; path = Printable.m; sourceTree = "<group>"; };
		57ECD02318D8B01800EE51FF /* PrintCommands.h */ = {isa = PBXFileReference; fileEncoding = 4; lastKnownFileType = sourcecode.c.h; path = PrintCommands.h; sourceTree = "<group>"; };
		57ECD02418D8B01800EE51FF /* Printer.h */ = {isa = PBXFileReference; fileEncoding = 4; lastKnownFileType = sourcecode.c.h; path = Printer.h; sourceTree = "<group>"; };
		57ECD02518D8B01800EE51FF /* Printer.m */ = {isa = PBXFileReference; fileEncoding = 4; lastKnownFileType = sourcecode.c.objc; path = Printer.m; sourceTree = "<group>"; };
		57ECD02618D8B01800EE51FF /* PrintParser.h */ = {isa = PBXFileReference; fileEncoding = 4; lastKnownFileType = sourcecode.c.h; path = PrintParser.h; sourceTree = "<group>"; };
		57ECD02718D8B01800EE51FF /* PrintParser.m */ = {isa = PBXFileReference; fileEncoding = 4; lastKnownFileType = sourcecode.c.objc; path = PrintParser.m; sourceTree = "<group>"; };
		57ECD02818D8B01800EE51FF /* PrintTextFormatter.h */ = {isa = PBXFileReference; fileEncoding = 4; lastKnownFileType = sourcecode.c.h; path = PrintTextFormatter.h; sourceTree = "<group>"; };
		57ECD02918D8B01800EE51FF /* PrintTextFormatter.m */ = {isa = PBXFileReference; fileEncoding = 4; lastKnownFileType = sourcecode.c.objc; path = PrintTextFormatter.m; sourceTree = "<group>"; };
		57ECD03418D8B1B500EE51FF /* FakePrinterManager.h */ = {isa = PBXFileReference; fileEncoding = 4; lastKnownFileType = sourcecode.c.h; path = FakePrinterManager.h; sourceTree = "<group>"; };
		57ECD03518D8B1B500EE51FF /* FakePrinterManager.m */ = {isa = PBXFileReference; fileEncoding = 4; lastKnownFileType = sourcecode.c.objc; path = FakePrinterManager.m; sourceTree = "<group>"; };
		57ECD03618D8B1B500EE51FF /* FakeSMPort.h */ = {isa = PBXFileReference; fileEncoding = 4; lastKnownFileType = sourcecode.c.h; path = FakeSMPort.h; sourceTree = "<group>"; };
		57ECD03718D8B1B500EE51FF /* FakeSMPort.m */ = {isa = PBXFileReference; fileEncoding = 4; lastKnownFileType = sourcecode.c.objc; path = FakeSMPort.m; sourceTree = "<group>"; };
		57ECD04C18D8E94900EE51FF /* PrinterCell.h */ = {isa = PBXFileReference; fileEncoding = 4; lastKnownFileType = sourcecode.c.h; path = PrinterCell.h; sourceTree = "<group>"; };
		57ECD04D18D8E94900EE51FF /* PrinterCell.m */ = {isa = PBXFileReference; fileEncoding = 4; lastKnownFileType = sourcecode.c.objc; path = PrinterCell.m; sourceTree = "<group>"; };
		57ECD05218D8E98800EE51FF /* SenTestingKit.framework */ = {isa = PBXFileReference; lastKnownFileType = wrapper.framework; name = SenTestingKit.framework; path = Library/Frameworks/SenTestingKit.framework; sourceTree = DEVELOPER_DIR; };
		666E7E841F7D701F00E335D8 /* SMCloudServices.framework */ = {isa = PBXFileReference; lastKnownFileType = wrapper.framework; path = SMCloudServices.framework; sourceTree = "<group>"; };
/* End PBXFileReference section */

/* Begin PBXFrameworksBuildPhase section */
		57ECCF9418D8AD5E00EE51FF /* Frameworks */ = {
			isa = PBXFrameworksBuildPhase;
			buildActionMask = 2147483647;
			files = (
				666E7E851F7D701F00E335D8 /* SMCloudServices.framework in Frameworks */,
				54E483CB1D9D791A00E4290C /* StarIO_Extension.framework in Frameworks */,
				54E483CC1D9D791A00E4290C /* StarIO.framework in Frameworks */,
				57ECCF9B18D8AD5E00EE51FF /* Foundation.framework in Frameworks */,
			);
			runOnlyForDeploymentPostprocessing = 0;
		};
		57ECCFA418D8AD5E00EE51FF /* Frameworks */ = {
			isa = PBXFrameworksBuildPhase;
			buildActionMask = 2147483647;
			files = (
				57ECD05318D8E98800EE51FF /* SenTestingKit.framework in Frameworks */,
				57ECCFAF18D8AD5E00EE51FF /* libStarPrinting.a in Frameworks */,
				57ECCFA918D8AD5E00EE51FF /* XCTest.framework in Frameworks */,
				57ECCFAA18D8AD5E00EE51FF /* Foundation.framework in Frameworks */,
			);
			runOnlyForDeploymentPostprocessing = 0;
		};
		57ECCFCE18D8ADCD00EE51FF /* Frameworks */ = {
			isa = PBXFrameworksBuildPhase;
			buildActionMask = 2147483647;
			files = (
				579069F218DB83B500A44AED /* QuartzCore.framework in Frameworks */,
				570BF66A18DA3F73000876EA /* UIKit.framework in Frameworks */,
				570BF66818DA3B28000876EA /* libStarPrinting.a in Frameworks */,
				57ECCFD418D8ADCD00EE51FF /* CoreGraphics.framework in Frameworks */,
				57ECCFD218D8ADCD00EE51FF /* Foundation.framework in Frameworks */,
			);
			runOnlyForDeploymentPostprocessing = 0;
		};
/* End PBXFrameworksBuildPhase section */

/* Begin PBXGroup section */
		579069F118DB7EFB00A44AED /* Sample Chit Sheets */ = {
			isa = PBXGroup;
			children = (
				57ECD01B18D8B00800EE51FF /* test.xml */,
				57777E2418DB5D8800922AE5 /* example.xml */,
				579069ED18DB7E7900A44AED /* receipt_short.xml */,
				579069EF18DB7E9100A44AED /* receipt_long.xml */,
			);
			name = "Sample Chit Sheets";
			sourceTree = "<group>";
		};
		57ECCF8E18D8AD5E00EE51FF = {
			isa = PBXGroup;
			children = (
				57ECCF9C18D8AD5E00EE51FF /* StarPrinting */,
				57ECCFB018D8AD5E00EE51FF /* StarPrintingTests */,
				57ECCFD618D8ADCD00EE51FF /* StarPrintingExample */,
				57ECCF9918D8AD5E00EE51FF /* Frameworks */,
				57ECCF9818D8AD5E00EE51FF /* Products */,
			);
			sourceTree = "<group>";
		};
		57ECCF9818D8AD5E00EE51FF /* Products */ = {
			isa = PBXGroup;
			children = (
				57ECCF9718D8AD5E00EE51FF /* libStarPrinting.a */,
				57ECCFA718D8AD5E00EE51FF /* StarPrintingTests.xctest */,
				57ECCFD118D8ADCD00EE51FF /* StarPrintingExample.app */,
			);
			name = Products;
			sourceTree = "<group>";
		};
		57ECCF9918D8AD5E00EE51FF /* Frameworks */ = {
			isa = PBXGroup;
			children = (
				666E7E841F7D701F00E335D8 /* SMCloudServices.framework */,
				54E483C91D9D791A00E4290C /* StarIO_Extension.framework */,
				54E483CA1D9D791A00E4290C /* StarIO.framework */,
				570BF66918DA3F73000876EA /* UIKit.framework */,
				570BF5D818D9F31C000876EA /* QuartzCore.framework */,
				57ECD05218D8E98800EE51FF /* SenTestingKit.framework */,
				57ECCF9A18D8AD5E00EE51FF /* Foundation.framework */,
				57ECCFA818D8AD5E00EE51FF /* XCTest.framework */,
				57ECCFD318D8ADCD00EE51FF /* CoreGraphics.framework */,
			);
			name = Frameworks;
			sourceTree = "<group>";
		};
		57ECCF9C18D8AD5E00EE51FF /* StarPrinting */ = {
			isa = PBXGroup;
			children = (
				5717A64118E3214700DA7486 /* StarPrinting.h */,
				57ECD02118D8B01800EE51FF /* Printable.h */,
				57ECD02218D8B01800EE51FF /* Printable.m */,
				57ECD02318D8B01800EE51FF /* PrintCommands.h */,
				57ECD02418D8B01800EE51FF /* Printer.h */,
				57ECD02518D8B01800EE51FF /* Printer.m */,
				57ECD02618D8B01800EE51FF /* PrintParser.h */,
				57ECD02718D8B01800EE51FF /* PrintParser.m */,
				57ECD02818D8B01800EE51FF /* PrintTextFormatter.h */,
				57ECD02918D8B01800EE51FF /* PrintTextFormatter.m */,
				57777E2618DB696E00922AE5 /* PrintData.h */,
				57777E2718DB696E00922AE5 /* PrintData.m */,
				57ECCF9D18D8AD5E00EE51FF /* Supporting Files */,
			);
			path = StarPrinting;
			sourceTree = "<group>";
		};
		57ECCF9D18D8AD5E00EE51FF /* Supporting Files */ = {
			isa = PBXGroup;
			children = (
				57ECCF9E18D8AD5E00EE51FF /* StarPrinting-Prefix.pch */,
			);
			name = "Supporting Files";
			sourceTree = "<group>";
		};
		57ECCFB018D8AD5E00EE51FF /* StarPrintingTests */ = {
			isa = PBXGroup;
			children = (
				57ECD03418D8B1B500EE51FF /* FakePrinterManager.h */,
				57ECD03518D8B1B500EE51FF /* FakePrinterManager.m */,
				57ECD03618D8B1B500EE51FF /* FakeSMPort.h */,
				57ECD03718D8B1B500EE51FF /* FakeSMPort.m */,
				57ECCFB618D8AD5E00EE51FF /* StarPrintingTests.m */,
				57ECCFB118D8AD5E00EE51FF /* Supporting Files */,
			);
			path = StarPrintingTests;
			sourceTree = "<group>";
		};
		57ECCFB118D8AD5E00EE51FF /* Supporting Files */ = {
			isa = PBXGroup;
			children = (
				57777E2918DB76AF00922AE5 /* SenAsyncTestCase.h */,
				57777E2A18DB76AF00922AE5 /* SenAsyncTestCase.m */,
				57ECCFB218D8AD5E00EE51FF /* StarPrintingTests-Info.plist */,
				57ECCFB318D8AD5E00EE51FF /* InfoPlist.strings */,
			);
			name = "Supporting Files";
			sourceTree = "<group>";
		};
		57ECCFD618D8ADCD00EE51FF /* StarPrintingExample */ = {
			isa = PBXGroup;
			children = (
				57ECCFDF18D8ADCD00EE51FF /* AppDelegate.h */,
				57ECCFE018D8ADCD00EE51FF /* AppDelegate.m */,
				57ECCFE218D8ADCD00EE51FF /* Main.storyboard */,
				57ECCFE518D8ADCD00EE51FF /* ViewController.h */,
				57ECCFE618D8ADCD00EE51FF /* ViewController.m */,
				57ECD04C18D8E94900EE51FF /* PrinterCell.h */,
				57ECD04D18D8E94900EE51FF /* PrinterCell.m */,
				57ECCFE818D8ADCD00EE51FF /* Images.xcassets */,
				579069F118DB7EFB00A44AED /* Sample Chit Sheets */,
				57ECCFD718D8ADCD00EE51FF /* Supporting Files */,
			);
			path = StarPrintingExample;
			sourceTree = "<group>";
		};
		57ECCFD718D8ADCD00EE51FF /* Supporting Files */ = {
			isa = PBXGroup;
			children = (
				57ECCFD818D8ADCD00EE51FF /* StarPrintingExample-Info.plist */,
				57ECCFD918D8ADCD00EE51FF /* InfoPlist.strings */,
				57ECCFDC18D8ADCD00EE51FF /* main.m */,
				57ECCFDE18D8ADCD00EE51FF /* StarPrintingExample-Prefix.pch */,
			);
			name = "Supporting Files";
			sourceTree = "<group>";
		};
/* End PBXGroup section */

/* Begin PBXNativeTarget section */
		57ECCF9618D8AD5E00EE51FF /* StarPrinting */ = {
			isa = PBXNativeTarget;
			buildConfigurationList = 57ECCFBA18D8AD5E00EE51FF /* Build configuration list for PBXNativeTarget "StarPrinting" */;
			buildPhases = (
				57ECCF9318D8AD5E00EE51FF /* Sources */,
				57ECCF9418D8AD5E00EE51FF /* Frameworks */,
				57ECCF9518D8AD5E00EE51FF /* CopyFiles */,
			);
			buildRules = (
			);
			dependencies = (
			);
			name = StarPrinting;
			productName = StarPrinting;
			productReference = 57ECCF9718D8AD5E00EE51FF /* libStarPrinting.a */;
			productType = "com.apple.product-type.library.static";
		};
		57ECCFA618D8AD5E00EE51FF /* StarPrintingTests */ = {
			isa = PBXNativeTarget;
			buildConfigurationList = 57ECCFBD18D8AD5E00EE51FF /* Build configuration list for PBXNativeTarget "StarPrintingTests" */;
			buildPhases = (
				57ECCFA318D8AD5E00EE51FF /* Sources */,
				57ECCFA418D8AD5E00EE51FF /* Frameworks */,
				57ECCFA518D8AD5E00EE51FF /* Resources */,
			);
			buildRules = (
			);
			dependencies = (
				57ECCFAE18D8AD5E00EE51FF /* PBXTargetDependency */,
			);
			name = StarPrintingTests;
			productName = StarPrintingTests;
			productReference = 57ECCFA718D8AD5E00EE51FF /* StarPrintingTests.xctest */;
			productType = "com.apple.product-type.bundle.unit-test";
		};
		57ECCFD018D8ADCD00EE51FF /* StarPrintingExample */ = {
			isa = PBXNativeTarget;
			buildConfigurationList = 57ECCFFC18D8ADCE00EE51FF /* Build configuration list for PBXNativeTarget "StarPrintingExample" */;
			buildPhases = (
				57ECCFCD18D8ADCD00EE51FF /* Sources */,
				57ECCFCE18D8ADCD00EE51FF /* Frameworks */,
				57ECCFCF18D8ADCD00EE51FF /* Resources */,
			);
			buildRules = (
			);
			dependencies = (
				570BF5D418D9E687000876EA /* PBXTargetDependency */,
			);
			name = StarPrintingExample;
			productName = StarPrintingExample;
			productReference = 57ECCFD118D8ADCD00EE51FF /* StarPrintingExample.app */;
			productType = "com.apple.product-type.application";
		};
/* End PBXNativeTarget section */

/* Begin PBXProject section */
		57ECCF8F18D8AD5E00EE51FF /* Project object */ = {
			isa = PBXProject;
			attributes = {
				LastUpgradeCheck = 0510;
				ORGANIZATIONNAME = OpenTable;
				TargetAttributes = {
					57ECCFA618D8AD5E00EE51FF = {
						TestTargetID = 57ECCFD018D8ADCD00EE51FF;
					};
				};
			};
			buildConfigurationList = 57ECCF9218D8AD5E00EE51FF /* Build configuration list for PBXProject "StarPrinting" */;
			compatibilityVersion = "Xcode 3.2";
			developmentRegion = English;
			hasScannedForEncodings = 0;
			knownRegions = (
				en,
				Base,
			);
			mainGroup = 57ECCF8E18D8AD5E00EE51FF;
			productRefGroup = 57ECCF9818D8AD5E00EE51FF /* Products */;
			projectDirPath = "";
			projectRoot = "";
			targets = (
				57ECCF9618D8AD5E00EE51FF /* StarPrinting */,
				57ECCFA618D8AD5E00EE51FF /* StarPrintingTests */,
				57ECCFD018D8ADCD00EE51FF /* StarPrintingExample */,
			);
		};
/* End PBXProject section */

/* Begin PBXResourcesBuildPhase section */
		57ECCFA518D8AD5E00EE51FF /* Resources */ = {
			isa = PBXResourcesBuildPhase;
			buildActionMask = 2147483647;
			files = (
				57ECCFB518D8AD5E00EE51FF /* InfoPlist.strings in Resources */,
			);
			runOnlyForDeploymentPostprocessing = 0;
		};
		57ECCFCF18D8ADCD00EE51FF /* Resources */ = {
			isa = PBXResourcesBuildPhase;
			buildActionMask = 2147483647;
			files = (
				57ECCFE918D8ADCD00EE51FF /* Images.xcassets in Resources */,
				57777E2518DB5D8800922AE5 /* example.xml in Resources */,
				57ECCFDB18D8ADCD00EE51FF /* InfoPlist.strings in Resources */,
				57ECCFE418D8ADCD00EE51FF /* Main.storyboard in Resources */,
				57ECD02018D8B00800EE51FF /* test.xml in Resources */,
				579069F018DB7E9100A44AED /* receipt_long.xml in Resources */,
				579069EE18DB7E7900A44AED /* receipt_short.xml in Resources */,
			);
			runOnlyForDeploymentPostprocessing = 0;
		};
/* End PBXResourcesBuildPhase section */

/* Begin PBXSourcesBuildPhase section */
		57ECCF9318D8AD5E00EE51FF /* Sources */ = {
			isa = PBXSourcesBuildPhase;
			buildActionMask = 2147483647;
			files = (
				57ECD02B18D8B01800EE51FF /* Printer.m in Sources */,
				57777E2818DB696E00922AE5 /* PrintData.m in Sources */,
				57ECD02D18D8B01800EE51FF /* PrintTextFormatter.m in Sources */,
				57ECD02C18D8B01800EE51FF /* PrintParser.m in Sources */,
				57ECD02A18D8B01800EE51FF /* Printable.m in Sources */,
			);
			runOnlyForDeploymentPostprocessing = 0;
		};
		57ECCFA318D8AD5E00EE51FF /* Sources */ = {
			isa = PBXSourcesBuildPhase;
			buildActionMask = 2147483647;
			files = (
				57ECCFB718D8AD5E00EE51FF /* StarPrintingTests.m in Sources */,
				57777E2C18DB779D00922AE5 /* SenAsyncTestCase.m in Sources */,
				57ECD03B18D8B1E000EE51FF /* FakePrinterManager.m in Sources */,
				57ECD03918D8B1B500EE51FF /* FakeSMPort.m in Sources */,
			);
			runOnlyForDeploymentPostprocessing = 0;
		};
		57ECCFCD18D8ADCD00EE51FF /* Sources */ = {
			isa = PBXSourcesBuildPhase;
			buildActionMask = 2147483647;
			files = (
				57ECCFE718D8ADCD00EE51FF /* ViewController.m in Sources */,
				57ECCFE118D8ADCD00EE51FF /* AppDelegate.m in Sources */,
				57ECCFDD18D8ADCD00EE51FF /* main.m in Sources */,
				57ECD04E18D8E94900EE51FF /* PrinterCell.m in Sources */,
			);
			runOnlyForDeploymentPostprocessing = 0;
		};
/* End PBXSourcesBuildPhase section */

/* Begin PBXTargetDependency section */
		570BF5D418D9E687000876EA /* PBXTargetDependency */ = {
			isa = PBXTargetDependency;
			target = 57ECCF9618D8AD5E00EE51FF /* StarPrinting */;
			targetProxy = 570BF5D318D9E687000876EA /* PBXContainerItemProxy */;
		};
		57ECCFAE18D8AD5E00EE51FF /* PBXTargetDependency */ = {
			isa = PBXTargetDependency;
			target = 57ECCF9618D8AD5E00EE51FF /* StarPrinting */;
			targetProxy = 57ECCFAD18D8AD5E00EE51FF /* PBXContainerItemProxy */;
		};
/* End PBXTargetDependency section */

/* Begin PBXVariantGroup section */
		57ECCFB318D8AD5E00EE51FF /* InfoPlist.strings */ = {
			isa = PBXVariantGroup;
			children = (
				57ECCFB418D8AD5E00EE51FF /* en */,
			);
			name = InfoPlist.strings;
			sourceTree = "<group>";
		};
		57ECCFD918D8ADCD00EE51FF /* InfoPlist.strings */ = {
			isa = PBXVariantGroup;
			children = (
				57ECCFDA18D8ADCD00EE51FF /* en */,
			);
			name = InfoPlist.strings;
			sourceTree = "<group>";
		};
		57ECCFE218D8ADCD00EE51FF /* Main.storyboard */ = {
			isa = PBXVariantGroup;
			children = (
				57ECCFE318D8ADCD00EE51FF /* Base */,
			);
			name = Main.storyboard;
			sourceTree = "<group>";
		};
/* End PBXVariantGroup section */

/* Begin XCBuildConfiguration section */
		57ECCFB818D8AD5E00EE51FF /* Debug */ = {
			isa = XCBuildConfiguration;
			buildSettings = {
				ALWAYS_SEARCH_USER_PATHS = NO;
				CLANG_CXX_LANGUAGE_STANDARD = "gnu++0x";
				CLANG_CXX_LIBRARY = "libc++";
				CLANG_ENABLE_MODULES = YES;
				CLANG_ENABLE_OBJC_ARC = YES;
				CLANG_WARN_BOOL_CONVERSION = YES;
				CLANG_WARN_CONSTANT_CONVERSION = YES;
				CLANG_WARN_DIRECT_OBJC_ISA_USAGE = YES_ERROR;
				CLANG_WARN_EMPTY_BODY = YES;
				CLANG_WARN_ENUM_CONVERSION = YES;
				CLANG_WARN_INT_CONVERSION = YES;
				CLANG_WARN_OBJC_ROOT_CLASS = YES_ERROR;
				CLANG_WARN__DUPLICATE_METHOD_MATCH = YES;
				COPY_PHASE_STRIP = NO;
				GCC_C_LANGUAGE_STANDARD = gnu99;
				GCC_DYNAMIC_NO_PIC = NO;
				GCC_OPTIMIZATION_LEVEL = 0;
				GCC_PREPROCESSOR_DEFINITIONS = (
					"DEBUG=1",
					"$(inherited)",
				);
				GCC_SYMBOLS_PRIVATE_EXTERN = NO;
				GCC_WARN_64_TO_32_BIT_CONVERSION = YES;
				GCC_WARN_ABOUT_RETURN_TYPE = YES_ERROR;
				GCC_WARN_UNDECLARED_SELECTOR = YES;
				GCC_WARN_UNINITIALIZED_AUTOS = YES_AGGRESSIVE;
				GCC_WARN_UNUSED_FUNCTION = YES;
				GCC_WARN_UNUSED_VARIABLE = YES;
				IPHONEOS_DEPLOYMENT_TARGET = 7.1;
				ONLY_ACTIVE_ARCH = YES;
				SDKROOT = iphoneos;
			};
			name = Debug;
		};
		57ECCFB918D8AD5E00EE51FF /* Release */ = {
			isa = XCBuildConfiguration;
			buildSettings = {
				ALWAYS_SEARCH_USER_PATHS = NO;
				CLANG_CXX_LANGUAGE_STANDARD = "gnu++0x";
				CLANG_CXX_LIBRARY = "libc++";
				CLANG_ENABLE_MODULES = YES;
				CLANG_ENABLE_OBJC_ARC = YES;
				CLANG_WARN_BOOL_CONVERSION = YES;
				CLANG_WARN_CONSTANT_CONVERSION = YES;
				CLANG_WARN_DIRECT_OBJC_ISA_USAGE = YES_ERROR;
				CLANG_WARN_EMPTY_BODY = YES;
				CLANG_WARN_ENUM_CONVERSION = YES;
				CLANG_WARN_INT_CONVERSION = YES;
				CLANG_WARN_OBJC_ROOT_CLASS = YES_ERROR;
				CLANG_WARN__DUPLICATE_METHOD_MATCH = YES;
				COPY_PHASE_STRIP = YES;
				ENABLE_NS_ASSERTIONS = NO;
				GCC_C_LANGUAGE_STANDARD = gnu99;
				GCC_WARN_64_TO_32_BIT_CONVERSION = YES;
				GCC_WARN_ABOUT_RETURN_TYPE = YES_ERROR;
				GCC_WARN_UNDECLARED_SELECTOR = YES;
				GCC_WARN_UNINITIALIZED_AUTOS = YES_AGGRESSIVE;
				GCC_WARN_UNUSED_FUNCTION = YES;
				GCC_WARN_UNUSED_VARIABLE = YES;
				IPHONEOS_DEPLOYMENT_TARGET = 7.1;
				SDKROOT = iphoneos;
				VALIDATE_PRODUCT = YES;
			};
			name = Release;
		};
		57ECCFBB18D8AD5E00EE51FF /* Debug */ = {
			isa = XCBuildConfiguration;
			buildSettings = {
				DSTROOT = /tmp/StarPrinting.dst;
				FRAMEWORK_SEARCH_PATHS = (
					"$(inherited)",
					"$(PROJECT_DIR)",
				);
				GCC_PRECOMPILE_PREFIX_HEADER = YES;
				GCC_PREFIX_HEADER = "StarPrinting/StarPrinting-Prefix.pch";
				LIBRARY_SEARCH_PATHS = "$(inherited)";
				OTHER_LDFLAGS = "-ObjC";
				PRODUCT_NAME = "$(TARGET_NAME)";
				SKIP_INSTALL = YES;
			};
			name = Debug;
		};
		57ECCFBC18D8AD5E00EE51FF /* Release */ = {
			isa = XCBuildConfiguration;
			buildSettings = {
				DSTROOT = /tmp/StarPrinting.dst;
				FRAMEWORK_SEARCH_PATHS = (
					"$(inherited)",
					"$(PROJECT_DIR)",
				);
				GCC_PRECOMPILE_PREFIX_HEADER = YES;
				GCC_PREFIX_HEADER = "StarPrinting/StarPrinting-Prefix.pch";
				LIBRARY_SEARCH_PATHS = "$(inherited)";
				OTHER_LDFLAGS = "-ObjC";
				PRODUCT_NAME = "$(TARGET_NAME)";
				SKIP_INSTALL = YES;
			};
			name = Release;
		};
		57ECCFBE18D8AD5E00EE51FF /* Debug */ = {
			isa = XCBuildConfiguration;
			buildSettings = {
				BUNDLE_LOADER = "$(BUILT_PRODUCTS_DIR)/StarPrintingExample.app/StarPrintingExample";
				FRAMEWORK_SEARCH_PATHS = (
					"\"$(SDKROOT)/Developer/Library/Frameworks\"",
					"\"$(DEVELOPER_LIBRARY_DIR)/Frameworks\"",
					"$(PROJECT_DIR)",
					"$(DEVELOPER_FRAMEWORKS_DIR)",
				);
				GCC_PRECOMPILE_PREFIX_HEADER = YES;
				GCC_PREFIX_HEADER = "StarPrinting/StarPrinting-Prefix.pch";
				GCC_PREPROCESSOR_DEFINITIONS = (
					"DEBUG=1",
					"$(inherited)",
				);
				INFOPLIST_FILE = "StarPrintingTests/StarPrintingTests-Info.plist";
				PRODUCT_NAME = "$(TARGET_NAME)";
				TEST_HOST = "$(BUNDLE_LOADER)";
				WRAPPER_EXTENSION = xctest;
			};
			name = Debug;
		};
		57ECCFBF18D8AD5E00EE51FF /* Release */ = {
			isa = XCBuildConfiguration;
			buildSettings = {
				BUNDLE_LOADER = "$(BUILT_PRODUCTS_DIR)/StarPrintingExample.app/StarPrintingExample";
				FRAMEWORK_SEARCH_PATHS = (
					"\"$(SDKROOT)/Developer/Library/Frameworks\"",
					"\"$(DEVELOPER_LIBRARY_DIR)/Frameworks\"",
					"$(PROJECT_DIR)",
					"$(DEVELOPER_FRAMEWORKS_DIR)",
				);
				GCC_PRECOMPILE_PREFIX_HEADER = YES;
				GCC_PREFIX_HEADER = "StarPrinting/StarPrinting-Prefix.pch";
				INFOPLIST_FILE = "StarPrintingTests/StarPrintingTests-Info.plist";
				PRODUCT_NAME = "$(TARGET_NAME)";
				TEST_HOST = "$(BUNDLE_LOADER)";
				WRAPPER_EXTENSION = xctest;
			};
			name = Release;
		};
		57ECCFFD18D8ADCE00EE51FF /* Debug */ = {
			isa = XCBuildConfiguration;
			buildSettings = {
				ASSETCATALOG_COMPILER_APPICON_NAME = AppIcon;
				ASSETCATALOG_COMPILER_LAUNCHIMAGE_NAME = LaunchImage;
				"CODE_SIGN_IDENTITY[sdk=iphoneos*]" = "iPhone Developer";
				FRAMEWORK_SEARCH_PATHS = (
					"$(inherited)",
					"$(PROJECT_DIR)",
				);
				GCC_PRECOMPILE_PREFIX_HEADER = YES;
				GCC_PREFIX_HEADER = "StarPrintingExample/StarPrintingExample-Prefix.pch";
				GCC_PREPROCESSOR_DEFINITIONS = (
					"DEBUG=1",
					"$(inherited)",
				);
				HEADER_SEARCH_PATHS = (
					"$(inherited)",
					/Applications/Xcode.app/Contents/Developer/Toolchains/XcodeDefault.xctoolchain/usr/include,
					"$(PROJECT_DIR)/**",
				);
				INFOPLIST_FILE = "StarPrintingExample/StarPrintingExample-Info.plist";
				LIBRARY_SEARCH_PATHS = "$(inherited)";
				ONLY_ACTIVE_ARCH = YES;
				OTHER_LDFLAGS = (
					"-ObjC",
					"-all_load",
				);
				PRODUCT_NAME = "$(TARGET_NAME)";
				WRAPPER_EXTENSION = app;
			};
			name = Debug;
		};
		57ECCFFE18D8ADCE00EE51FF /* Release */ = {
			isa = XCBuildConfiguration;
			buildSettings = {
				ASSETCATALOG_COMPILER_APPICON_NAME = AppIcon;
				ASSETCATALOG_COMPILER_LAUNCHIMAGE_NAME = LaunchImage;
				"CODE_SIGN_IDENTITY[sdk=iphoneos*]" = "iPhone Developer";
				FRAMEWORK_SEARCH_PATHS = (
					"$(inherited)",
					"$(PROJECT_DIR)",
				);
				GCC_PRECOMPILE_PREFIX_HEADER = YES;
				GCC_PREFIX_HEADER = "StarPrintingExample/StarPrintingExample-Prefix.pch";
				HEADER_SEARCH_PATHS = (
					"$(inherited)",
					/Applications/Xcode.app/Contents/Developer/Toolchains/XcodeDefault.xctoolchain/usr/include,
					"$(PROJECT_DIR)/**",
				);
				INFOPLIST_FILE = "StarPrintingExample/StarPrintingExample-Info.plist";
				LIBRARY_SEARCH_PATHS = "$(inherited)";
				OTHER_LDFLAGS = (
					"-ObjC",
					"-all_load",
				);
				PRODUCT_NAME = "$(TARGET_NAME)";
				WRAPPER_EXTENSION = app;
			};
			name = Release;
		};
/* End XCBuildConfiguration section */

/* Begin XCConfigurationList section */
		57ECCF9218D8AD5E00EE51FF /* Build configuration list for PBXProject "StarPrinting" */ = {
			isa = XCConfigurationList;
			buildConfigurations = (
				57ECCFB818D8AD5E00EE51FF /* Debug */,
				57ECCFB918D8AD5E00EE51FF /* Release */,
			);
			defaultConfigurationIsVisible = 0;
			defaultConfigurationName = Release;
		};
		57ECCFBA18D8AD5E00EE51FF /* Build configuration list for PBXNativeTarget "StarPrinting" */ = {
			isa = XCConfigurationList;
			buildConfigurations = (
				57ECCFBB18D8AD5E00EE51FF /* Debug */,
				57ECCFBC18D8AD5E00EE51FF /* Release */,
			);
			defaultConfigurationIsVisible = 0;
			defaultConfigurationName = Release;
		};
		57ECCFBD18D8AD5E00EE51FF /* Build configuration list for PBXNativeTarget "StarPrintingTests" */ = {
			isa = XCConfigurationList;
			buildConfigurations = (
				57ECCFBE18D8AD5E00EE51FF /* Debug */,
				57ECCFBF18D8AD5E00EE51FF /* Release */,
			);
			defaultConfigurationIsVisible = 0;
			defaultConfigurationName = Release;
		};
		57ECCFFC18D8ADCE00EE51FF /* Build configuration list for PBXNativeTarget "StarPrintingExample" */ = {
			isa = XCConfigurationList;
			buildConfigurations = (
				57ECCFFD18D8ADCE00EE51FF /* Debug */,
				57ECCFFE18D8ADCE00EE51FF /* Release */,
			);
			defaultConfigurationIsVisible = 0;
			defaultConfigurationName = Release;
		};
/* End XCConfigurationList section */
	};
	rootObject = 57ECCF8F18D8AD5E00EE51FF /* Project object */;
}
