// !$*UTF8*$!
{
	archiveVersion = 1;
	classes = {
	};
	objectVersion = 46;
	objects = {

/* Begin PBXBuildFile section */
		57ECCEF718D8A8B900EE51FF /* Foundation.framework in Frameworks */ = {isa = PBXBuildFile; fileRef = 57ECCEF618D8A8B900EE51FF /* Foundation.framework */; };
		57ECCEF918D8A8B900EE51FF /* CoreGraphics.framework in Frameworks */ = {isa = PBXBuildFile; fileRef = 57ECCEF818D8A8B900EE51FF /* CoreGraphics.framework */; };
		57ECCEFB18D8A8B900EE51FF /* UIKit.framework in Frameworks */ = {isa = PBXBuildFile; fileRef = 57ECCEFA18D8A8B900EE51FF /* UIKit.framework */; };
		57ECCF0118D8A8B900EE51FF /* InfoPlist.strings in Resources */ = {isa = PBXBuildFile; fileRef = 57ECCEFF18D8A8B900EE51FF /* InfoPlist.strings */; };
		57ECCF0318D8A8B900EE51FF /* main.m in Sources */ = {isa = PBXBuildFile; fileRef = 57ECCF0218D8A8B900EE51FF /* main.m */; };
		57ECCF0718D8A8B900EE51FF /* AppDelegate.m in Sources */ = {isa = PBXBuildFile; fileRef = 57ECCF0618D8A8B900EE51FF /* AppDelegate.m */; };
		57ECCF0A18D8A8B900EE51FF /* Main.storyboard in Resources */ = {isa = PBXBuildFile; fileRef = 57ECCF0818D8A8B900EE51FF /* Main.storyboard */; };
		57ECCF0D18D8A8B900EE51FF /* ViewController.m in Sources */ = {isa = PBXBuildFile; fileRef = 57ECCF0C18D8A8B900EE51FF /* ViewController.m */; };
		57ECCF0F18D8A8B900EE51FF /* Images.xcassets in Resources */ = {isa = PBXBuildFile; fileRef = 57ECCF0E18D8A8B900EE51FF /* Images.xcassets */; };
		57ECCF1618D8A8B900EE51FF /* XCTest.framework in Frameworks */ = {isa = PBXBuildFile; fileRef = 57ECCF1518D8A8B900EE51FF /* XCTest.framework */; };
		57ECCF1718D8A8B900EE51FF /* Foundation.framework in Frameworks */ = {isa = PBXBuildFile; fileRef = 57ECCEF618D8A8B900EE51FF /* Foundation.framework */; };
		57ECCF1818D8A8B900EE51FF /* UIKit.framework in Frameworks */ = {isa = PBXBuildFile; fileRef = 57ECCEFA18D8A8B900EE51FF /* UIKit.framework */; };
		57ECCF2018D8A8B900EE51FF /* InfoPlist.strings in Resources */ = {isa = PBXBuildFile; fileRef = 57ECCF1E18D8A8B900EE51FF /* InfoPlist.strings */; };
		57ECCF2218D8A8B900EE51FF /* StarPrintingExampleTests.m in Sources */ = {isa = PBXBuildFile; fileRef = 57ECCF2118D8A8B900EE51FF /* StarPrintingExampleTests.m */; };
/* End PBXBuildFile section */

/* Begin PBXContainerItemProxy section */
		57ECCF1918D8A8B900EE51FF /* PBXContainerItemProxy */ = {
			isa = PBXContainerItemProxy;
			containerPortal = 57ECCEEB18D8A8B900EE51FF /* Project object */;
			proxyType = 1;
			remoteGlobalIDString = 57ECCEF218D8A8B900EE51FF;
			remoteInfo = StarPrintingExample;
		};
/* End PBXContainerItemProxy section */

/* Begin PBXFileReference section */
		57ECCEF318D8A8B900EE51FF /* StarPrintingExample.app */ = {isa = PBXFileReference; explicitFileType = wrapper.application; includeInIndex = 0; path = StarPrintingExample.app; sourceTree = BUILT_PRODUCTS_DIR; };
		57ECCEF618D8A8B900EE51FF /* Foundation.framework */ = {isa = PBXFileReference; lastKnownFileType = wrapper.framework; name = Foundation.framework; path = System/Library/Frameworks/Foundation.framework; sourceTree = SDKROOT; };
		57ECCEF818D8A8B900EE51FF /* CoreGraphics.framework */ = {isa = PBXFileReference; lastKnownFileType = wrapper.framework; name = CoreGraphics.framework; path = System/Library/Frameworks/CoreGraphics.framework; sourceTree = SDKROOT; };
		57ECCEFA18D8A8B900EE51FF /* UIKit.framework */ = {isa = PBXFileReference; lastKnownFileType = wrapper.framework; name = UIKit.framework; path = System/Library/Frameworks/UIKit.framework; sourceTree = SDKROOT; };
		57ECCEFE18D8A8B900EE51FF /* StarPrintingExample-Info.plist */ = {isa = PBXFileReference; lastKnownFileType = text.plist.xml; path = "StarPrintingExample-Info.plist"; sourceTree = "<group>"; };
		57ECCF0018D8A8B900EE51FF /* en */ = {isa = PBXFileReference; lastKnownFileType = text.plist.strings; name = en; path = en.lproj/InfoPlist.strings; sourceTree = "<group>"; };
		57ECCF0218D8A8B900EE51FF /* main.m */ = {isa = PBXFileReference; lastKnownFileType = sourcecode.c.objc; path = main.m; sourceTree = "<group>"; };
		57ECCF0418D8A8B900EE51FF /* StarPrintingExample-Prefix.pch */ = {isa = PBXFileReference; lastKnownFileType = sourcecode.c.h; path = "StarPrintingExample-Prefix.pch"; sourceTree = "<group>"; };
		57ECCF0518D8A8B900EE51FF /* AppDelegate.h */ = {isa = PBXFileReference; lastKnownFileType = sourcecode.c.h; path = AppDelegate.h; sourceTree = "<group>"; };
		57ECCF0618D8A8B900EE51FF /* AppDelegate.m */ = {isa = PBXFileReference; lastKnownFileType = sourcecode.c.objc; path = AppDelegate.m; sourceTree = "<group>"; };
		57ECCF0918D8A8B900EE51FF /* Base */ = {isa = PBXFileReference; lastKnownFileType = file.storyboard; name = Base; path = Base.lproj/Main.storyboard; sourceTree = "<group>"; };
		57ECCF0B18D8A8B900EE51FF /* ViewController.h */ = {isa = PBXFileReference; lastKnownFileType = sourcecode.c.h; path = ViewController.h; sourceTree = "<group>"; };
		57ECCF0C18D8A8B900EE51FF /* ViewController.m */ = {isa = PBXFileReference; lastKnownFileType = sourcecode.c.objc; path = ViewController.m; sourceTree = "<group>"; };
		57ECCF0E18D8A8B900EE51FF /* Images.xcassets */ = {isa = PBXFileReference; lastKnownFileType = folder.assetcatalog; path = Images.xcassets; sourceTree = "<group>"; };
		57ECCF1418D8A8B900EE51FF /* StarPrintingExampleTests.xctest */ = {isa = PBXFileReference; explicitFileType = wrapper.cfbundle; includeInIndex = 0; path = StarPrintingExampleTests.xctest; sourceTree = BUILT_PRODUCTS_DIR; };
		57ECCF1518D8A8B900EE51FF /* XCTest.framework */ = {isa = PBXFileReference; lastKnownFileType = wrapper.framework; name = XCTest.framework; path = Library/Frameworks/XCTest.framework; sourceTree = DEVELOPER_DIR; };
		57ECCF1D18D8A8B900EE51FF /* StarPrintingExampleTests-Info.plist */ = {isa = PBXFileReference; lastKnownFileType = text.plist.xml; path = "StarPrintingExampleTests-Info.plist"; sourceTree = "<group>"; };
		57ECCF1F18D8A8B900EE51FF /* en */ = {isa = PBXFileReference; lastKnownFileType = text.plist.strings; name = en; path = en.lproj/InfoPlist.strings; sourceTree = "<group>"; };
		57ECCF2118D8A8B900EE51FF /* StarPrintingExampleTests.m */ = {isa = PBXFileReference; lastKnownFileType = sourcecode.c.objc; path = StarPrintingExampleTests.m; sourceTree = "<group>"; };
/* End PBXFileReference section */

/* Begin PBXFrameworksBuildPhase section */
		57ECCEF018D8A8B900EE51FF /* Frameworks */ = {
			isa = PBXFrameworksBuildPhase;
			buildActionMask = 2147483647;
			files = (
				57ECCEF918D8A8B900EE51FF /* CoreGraphics.framework in Frameworks */,
				57ECCEFB18D8A8B900EE51FF /* UIKit.framework in Frameworks */,
				57ECCEF718D8A8B900EE51FF /* Foundation.framework in Frameworks */,
			);
			runOnlyForDeploymentPostprocessing = 0;
		};
		57ECCF1118D8A8B900EE51FF /* Frameworks */ = {
			isa = PBXFrameworksBuildPhase;
			buildActionMask = 2147483647;
			files = (
				57ECCF1618D8A8B900EE51FF /* XCTest.framework in Frameworks */,
				57ECCF1818D8A8B900EE51FF /* UIKit.framework in Frameworks */,
				57ECCF1718D8A8B900EE51FF /* Foundation.framework in Frameworks */,
			);
			runOnlyForDeploymentPostprocessing = 0;
		};
/* End PBXFrameworksBuildPhase section */

/* Begin PBXGroup section */
		57ECCEEA18D8A8B900EE51FF = {
			isa = PBXGroup;
			children = (
				57ECCEFC18D8A8B900EE51FF /* StarPrintingExample */,
				57ECCF1B18D8A8B900EE51FF /* StarPrintingExampleTests */,
				57ECCEF518D8A8B900EE51FF /* Frameworks */,
				57ECCEF418D8A8B900EE51FF /* Products */,
			);
			sourceTree = "<group>";
		};
		57ECCEF418D8A8B900EE51FF /* Products */ = {
			isa = PBXGroup;
			children = (
				57ECCEF318D8A8B900EE51FF /* StarPrintingExample.app */,
				57ECCF1418D8A8B900EE51FF /* StarPrintingExampleTests.xctest */,
			);
			name = Products;
			sourceTree = "<group>";
		};
		57ECCEF518D8A8B900EE51FF /* Frameworks */ = {
			isa = PBXGroup;
			children = (
				57ECCEF618D8A8B900EE51FF /* Foundation.framework */,
				57ECCEF818D8A8B900EE51FF /* CoreGraphics.framework */,
				57ECCEFA18D8A8B900EE51FF /* UIKit.framework */,
				57ECCF1518D8A8B900EE51FF /* XCTest.framework */,
			);
			name = Frameworks;
			sourceTree = "<group>";
		};
		57ECCEFC18D8A8B900EE51FF /* StarPrintingExample */ = {
			isa = PBXGroup;
			children = (
				57ECCF0518D8A8B900EE51FF /* AppDelegate.h */,
				57ECCF0618D8A8B900EE51FF /* AppDelegate.m */,
				57ECCF0818D8A8B900EE51FF /* Main.storyboard */,
				57ECCF0B18D8A8B900EE51FF /* ViewController.h */,
				57ECCF0C18D8A8B900EE51FF /* ViewController.m */,
				57ECCF0E18D8A8B900EE51FF /* Images.xcassets */,
				57ECCEFD18D8A8B900EE51FF /* Supporting Files */,
			);
			path = StarPrintingExample;
			sourceTree = "<group>";
		};
		57ECCEFD18D8A8B900EE51FF /* Supporting Files */ = {
			isa = PBXGroup;
			children = (
				57ECCEFE18D8A8B900EE51FF /* StarPrintingExample-Info.plist */,
				57ECCEFF18D8A8B900EE51FF /* InfoPlist.strings */,
				57ECCF0218D8A8B900EE51FF /* main.m */,
				57ECCF0418D8A8B900EE51FF /* StarPrintingExample-Prefix.pch */,
			);
			name = "Supporting Files";
			sourceTree = "<group>";
		};
		57ECCF1B18D8A8B900EE51FF /* StarPrintingExampleTests */ = {
			isa = PBXGroup;
			children = (
				57ECCF2118D8A8B900EE51FF /* StarPrintingExampleTests.m */,
				57ECCF1C18D8A8B900EE51FF /* Supporting Files */,
			);
			path = StarPrintingExampleTests;
			sourceTree = "<group>";
		};
		57ECCF1C18D8A8B900EE51FF /* Supporting Files */ = {
			isa = PBXGroup;
			children = (
				57ECCF1D18D8A8B900EE51FF /* StarPrintingExampleTests-Info.plist */,
				57ECCF1E18D8A8B900EE51FF /* InfoPlist.strings */,
			);
			name = "Supporting Files";
			sourceTree = "<group>";
		};
/* End PBXGroup section */

/* Begin PBXNativeTarget section */
		57ECCEF218D8A8B900EE51FF /* StarPrintingExample */ = {
			isa = PBXNativeTarget;
			buildConfigurationList = 57ECCF2518D8A8B900EE51FF /* Build configuration list for PBXNativeTarget "StarPrintingExample" */;
			buildPhases = (
				57ECCEEF18D8A8B900EE51FF /* Sources */,
				57ECCEF018D8A8B900EE51FF /* Frameworks */,
				57ECCEF118D8A8B900EE51FF /* Resources */,
			);
			buildRules = (
			);
			dependencies = (
			);
			name = StarPrintingExample;
			productName = StarPrintingExample;
			productReference = 57ECCEF318D8A8B900EE51FF /* StarPrintingExample.app */;
			productType = "com.apple.product-type.application";
		};
		57ECCF1318D8A8B900EE51FF /* StarPrintingExampleTests */ = {
			isa = PBXNativeTarget;
			buildConfigurationList = 57ECCF2818D8A8B900EE51FF /* Build configuration list for PBXNativeTarget "StarPrintingExampleTests" */;
			buildPhases = (
				57ECCF1018D8A8B900EE51FF /* Sources */,
				57ECCF1118D8A8B900EE51FF /* Frameworks */,
				57ECCF1218D8A8B900EE51FF /* Resources */,
			);
			buildRules = (
			);
			dependencies = (
				57ECCF1A18D8A8B900EE51FF /* PBXTargetDependency */,
			);
			name = StarPrintingExampleTests;
			productName = StarPrintingExampleTests;
			productReference = 57ECCF1418D8A8B900EE51FF /* StarPrintingExampleTests.xctest */;
			productType = "com.apple.product-type.bundle.unit-test";
		};
/* End PBXNativeTarget section */

/* Begin PBXProject section */
		57ECCEEB18D8A8B900EE51FF /* Project object */ = {
			isa = PBXProject;
			attributes = {
				LastUpgradeCheck = 0510;
				ORGANIZATIONNAME = OpenTable;
				TargetAttributes = {
					57ECCF1318D8A8B900EE51FF = {
						TestTargetID = 57ECCEF218D8A8B900EE51FF;
					};
				};
			};
			buildConfigurationList = 57ECCEEE18D8A8B900EE51FF /* Build configuration list for PBXProject "StarPrintingExample" */;
			compatibilityVersion = "Xcode 3.2";
			developmentRegion = English;
			hasScannedForEncodings = 0;
			knownRegions = (
				en,
				Base,
			);
			mainGroup = 57ECCEEA18D8A8B900EE51FF;
			productRefGroup = 57ECCEF418D8A8B900EE51FF /* Products */;
			projectDirPath = "";
			projectRoot = "";
			targets = (
				57ECCEF218D8A8B900EE51FF /* StarPrintingExample */,
				57ECCF1318D8A8B900EE51FF /* StarPrintingExampleTests */,
			);
		};
/* End PBXProject section */

/* Begin PBXResourcesBuildPhase section */
		57ECCEF118D8A8B900EE51FF /* Resources */ = {
			isa = PBXResourcesBuildPhase;
			buildActionMask = 2147483647;
			files = (
				57ECCF0F18D8A8B900EE51FF /* Images.xcassets in Resources */,
				57ECCF0118D8A8B900EE51FF /* InfoPlist.strings in Resources */,
				57ECCF0A18D8A8B900EE51FF /* Main.storyboard in Resources */,
			);
			runOnlyForDeploymentPostprocessing = 0;
		};
		57ECCF1218D8A8B900EE51FF /* Resources */ = {
			isa = PBXResourcesBuildPhase;
			buildActionMask = 2147483647;
			files = (
				57ECCF2018D8A8B900EE51FF /* InfoPlist.strings in Resources */,
			);
			runOnlyForDeploymentPostprocessing = 0;
		};
/* End PBXResourcesBuildPhase section */

/* Begin PBXSourcesBuildPhase section */
		57ECCEEF18D8A8B900EE51FF /* Sources */ = {
			isa = PBXSourcesBuildPhase;
			buildActionMask = 2147483647;
			files = (
				57ECCF0D18D8A8B900EE51FF /* ViewController.m in Sources */,
				57ECCF0718D8A8B900EE51FF /* AppDelegate.m in Sources */,
				57ECCF0318D8A8B900EE51FF /* main.m in Sources */,
			);
			runOnlyForDeploymentPostprocessing = 0;
		};
		57ECCF1018D8A8B900EE51FF /* Sources */ = {
			isa = PBXSourcesBuildPhase;
			buildActionMask = 2147483647;
			files = (
				57ECCF2218D8A8B900EE51FF /* StarPrintingExampleTests.m in Sources */,
			);
			runOnlyForDeploymentPostprocessing = 0;
		};
/* End PBXSourcesBuildPhase section */

/* Begin PBXTargetDependency section */
		57ECCF1A18D8A8B900EE51FF /* PBXTargetDependency */ = {
			isa = PBXTargetDependency;
			target = 57ECCEF218D8A8B900EE51FF /* StarPrintingExample */;
			targetProxy = 57ECCF1918D8A8B900EE51FF /* PBXContainerItemProxy */;
		};
/* End PBXTargetDependency section */

/* Begin PBXVariantGroup section */
		57ECCEFF18D8A8B900EE51FF /* InfoPlist.strings */ = {
			isa = PBXVariantGroup;
			children = (
				57ECCF0018D8A8B900EE51FF /* en */,
			);
			name = InfoPlist.strings;
			sourceTree = "<group>";
		};
		57ECCF0818D8A8B900EE51FF /* Main.storyboard */ = {
			isa = PBXVariantGroup;
			children = (
				57ECCF0918D8A8B900EE51FF /* Base */,
			);
			name = Main.storyboard;
			sourceTree = "<group>";
		};
		57ECCF1E18D8A8B900EE51FF /* InfoPlist.strings */ = {
			isa = PBXVariantGroup;
			children = (
				57ECCF1F18D8A8B900EE51FF /* en */,
			);
			name = InfoPlist.strings;
			sourceTree = "<group>";
		};
/* End PBXVariantGroup section */

/* Begin XCBuildConfiguration section */
		57ECCF2318D8A8B900EE51FF /* Debug */ = {
			isa = XCBuildConfiguration;
			buildSettings = {
				ALWAYS_SEARCH_USER_PATHS = NO;
				CLANG_CXX_LANGUAGE_STANDARD = "gnu++0x";
				CLANG_CXX_LIBRARY = "libc++";
				CLANG_ENABLE_MODULES = YES;
				CLANG_ENABLE_OBJC_ARC = YES;
				CLANG_WARN_BOOL_CONVERSION = YES;
				CLANG_WARN_CONSTANT_CONVERSION = YES;
				CLANG_WARN_DIRECT_OBJC_ISA_USAGE = YES_ERROR;
				CLANG_WARN_EMPTY_BODY = YES;
				CLANG_WARN_ENUM_CONVERSION = YES;
				CLANG_WARN_INT_CONVERSION = YES;
				CLANG_WARN_OBJC_ROOT_CLASS = YES_ERROR;
				CLANG_WARN__DUPLICATE_METHOD_MATCH = YES;
				"CODE_SIGN_IDENTITY[sdk=iphoneos*]" = "iPhone Developer";
				COPY_PHASE_STRIP = NO;
				GCC_C_LANGUAGE_STANDARD = gnu99;
				GCC_DYNAMIC_NO_PIC = NO;
				GCC_OPTIMIZATION_LEVEL = 0;
				GCC_PREPROCESSOR_DEFINITIONS = (
					"DEBUG=1",
					"$(inherited)",
				);
				GCC_SYMBOLS_PRIVATE_EXTERN = NO;
				GCC_WARN_64_TO_32_BIT_CONVERSION = YES;
				GCC_WARN_ABOUT_RETURN_TYPE = YES_ERROR;
				GCC_WARN_UNDECLARED_SELECTOR = YES;
				GCC_WARN_UNINITIALIZED_AUTOS = YES_AGGRESSIVE;
				GCC_WARN_UNUSED_FUNCTION = YES;
				GCC_WARN_UNUSED_VARIABLE = YES;
				IPHONEOS_DEPLOYMENT_TARGET = 7.1;
				ONLY_ACTIVE_ARCH = YES;
				SDKROOT = iphoneos;
			};
			name = Debug;
		};
		57ECCF2418D8A8B900EE51FF /* Release */ = {
			isa = XCBuildConfiguration;
			buildSettings = {
				ALWAYS_SEARCH_USER_PATHS = NO;
				CLANG_CXX_LANGUAGE_STANDARD = "gnu++0x";
				CLANG_CXX_LIBRARY = "libc++";
				CLANG_ENABLE_MODULES = YES;
				CLANG_ENABLE_OBJC_ARC = YES;
				CLANG_WARN_BOOL_CONVERSION = YES;
				CLANG_WARN_CONSTANT_CONVERSION = YES;
				CLANG_WARN_DIRECT_OBJC_ISA_USAGE = YES_ERROR;
				CLANG_WARN_EMPTY_BODY = YES;
				CLANG_WARN_ENUM_CONVERSION = YES;
				CLANG_WARN_INT_CONVERSION = YES;
				CLANG_WARN_OBJC_ROOT_CLASS = YES_ERROR;
				CLANG_WARN__DUPLICATE_METHOD_MATCH = YES;
				"CODE_SIGN_IDENTITY[sdk=iphoneos*]" = "iPhone Developer";
				COPY_PHASE_STRIP = YES;
				ENABLE_NS_ASSERTIONS = NO;
				GCC_C_LANGUAGE_STANDARD = gnu99;
				GCC_WARN_64_TO_32_BIT_CONVERSION = YES;
				GCC_WARN_ABOUT_RETURN_TYPE = YES_ERROR;
				GCC_WARN_UNDECLARED_SELECTOR = YES;
				GCC_WARN_UNINITIALIZED_AUTOS = YES_AGGRESSIVE;
				GCC_WARN_UNUSED_FUNCTION = YES;
				GCC_WARN_UNUSED_VARIABLE = YES;
				IPHONEOS_DEPLOYMENT_TARGET = 7.1;
				SDKROOT = iphoneos;
				VALIDATE_PRODUCT = YES;
			};
			name = Release;
		};
		57ECCF2618D8A8B900EE51FF /* Debug */ = {
			isa = XCBuildConfiguration;
			buildSettings = {
				ASSETCATALOG_COMPILER_APPICON_NAME = AppIcon;
				ASSETCATALOG_COMPILER_LAUNCHIMAGE_NAME = LaunchImage;
				GCC_PRECOMPILE_PREFIX_HEADER = YES;
				GCC_PREFIX_HEADER = "StarPrintingExample/StarPrintingExample-Prefix.pch";
				INFOPLIST_FILE = "StarPrintingExample/StarPrintingExample-Info.plist";
				PRODUCT_NAME = "$(TARGET_NAME)";
				WRAPPER_EXTENSION = app;
			};
			name = Debug;
		};
		57ECCF2718D8A8B900EE51FF /* Release */ = {
			isa = XCBuildConfiguration;
			buildSettings = {
				ASSETCATALOG_COMPILER_APPICON_NAME = AppIcon;
				ASSETCATALOG_COMPILER_LAUNCHIMAGE_NAME = LaunchImage;
				GCC_PRECOMPILE_PREFIX_HEADER = YES;
				GCC_PREFIX_HEADER = "StarPrintingExample/StarPrintingExample-Prefix.pch";
				INFOPLIST_FILE = "StarPrintingExample/StarPrintingExample-Info.plist";
				PRODUCT_NAME = "$(TARGET_NAME)";
				WRAPPER_EXTENSION = app;
			};
			name = Release;
		};
		57ECCF2918D8A8B900EE51FF /* Debug */ = {
			isa = XCBuildConfiguration;
			buildSettings = {
				BUNDLE_LOADER = "$(BUILT_PRODUCTS_DIR)/StarPrintingExample.app/StarPrintingExample";
				FRAMEWORK_SEARCH_PATHS = (
					"$(SDKROOT)/Developer/Library/Frameworks",
					"$(inherited)",
					"$(DEVELOPER_FRAMEWORKS_DIR)",
				);
				GCC_PRECOMPILE_PREFIX_HEADER = YES;
				GCC_PREFIX_HEADER = "StarPrintingExample/StarPrintingExample-Prefix.pch";
				GCC_PREPROCESSOR_DEFINITIONS = (
					"DEBUG=1",
					"$(inherited)",
				);
				INFOPLIST_FILE = "StarPrintingExampleTests/StarPrintingExampleTests-Info.plist";
				PRODUCT_NAME = "$(TARGET_NAME)";
				TEST_HOST = "$(BUNDLE_LOADER)";
				WRAPPER_EXTENSION = xctest;
			};
			name = Debug;
		};
		57ECCF2A18D8A8B900EE51FF /* Release */ = {
			isa = XCBuildConfiguration;
			buildSettings = {
				BUNDLE_LOADER = "$(BUILT_PRODUCTS_DIR)/StarPrintingExample.app/StarPrintingExample";
				FRAMEWORK_SEARCH_PATHS = (
					"$(SDKROOT)/Developer/Library/Frameworks",
					"$(inherited)",
					"$(DEVELOPER_FRAMEWORKS_DIR)",
				);
				GCC_PRECOMPILE_PREFIX_HEADER = YES;
				GCC_PREFIX_HEADER = "StarPrintingExample/StarPrintingExample-Prefix.pch";
				INFOPLIST_FILE = "StarPrintingExampleTests/StarPrintingExampleTests-Info.plist";
				PRODUCT_NAME = "$(TARGET_NAME)";
				TEST_HOST = "$(BUNDLE_LOADER)";
				WRAPPER_EXTENSION = xctest;
			};
			name = Release;
		};
/* End XCBuildConfiguration section */

/* Begin XCConfigurationList section */
		57ECCEEE18D8A8B900EE51FF /* Build configuration list for PBXProject "StarPrintingExample" */ = {
			isa = XCConfigurationList;
			buildConfigurations = (
				57ECCF2318D8A8B900EE51FF /* Debug */,
				57ECCF2418D8A8B900EE51FF /* Release */,
			);
			defaultConfigurationIsVisible = 0;
			defaultConfigurationName = Release;
		};
		57ECCF2518D8A8B900EE51FF /* Build configuration list for PBXNativeTarget "StarPrintingExample" */ = {
			isa = XCConfigurationList;
			buildConfigurations = (
				57ECCF2618D8A8B900EE51FF /* Debug */,
				57ECCF2718D8A8B900EE51FF /* Release */,
			);
			defaultConfigurationIsVisible = 0;
		};
		57ECCF2818D8A8B900EE51FF /* Build configuration list for PBXNativeTarget "StarPrintingExampleTests" */ = {
			isa = XCConfigurationList;
			buildConfigurations = (
				57ECCF2918D8A8B900EE51FF /* Debug */,
				57ECCF2A18D8A8B900EE51FF /* Release */,
			);
			defaultConfigurationIsVisible = 0;
		};
/* End XCConfigurationList section */
	};
	rootObject = 57ECCEEB18D8A8B900EE51FF /* Project object */;
}
